uuid: fa2271dc-cd31-41c5-8efb-19f44814cf9c
langcode: en
status: true
dependencies:
  content:
    - 'block_content:about_us_block:4df569ed-80bd-46d8-899b-1901fd855328'
  module:
    - block_content
  theme:
    - b5subtheme
id: aboutusblock
theme: b5subtheme
region: footer_second
weight: 0
provider: null
plugin: 'block_content:4df569ed-80bd-46d8-899b-1901fd855328'
settings:
  id: 'block_content:4df569ed-80bd-46d8-899b-1901fd855328'
  label: 'About us block'
  label_display: '0'
  provider: block_content
  status: true
  info: ''
  view_mode: full
visibility: {  }
