uuid: 33c20fdb-aadb-44cf-8ac8-fbcf1eda948d
langcode: en
status: true
dependencies:
  module:
    - exchange_rate
  theme:
    - b5subtheme
id: exchangerateblock
theme: b5subtheme
region: content
weight: 0
provider: null
plugin: exchange_rate
settings:
  id: exchange_rate
  label: 'Exchange rate block'
  label_display: visible
  provider: exchange_rate
visibility: {  }
