uuid: a7d26521-3566-466e-bd4c-8699996fe10b
langcode: en
status: true
dependencies:
  module:
    - exchange_rate
  theme:
    - b5subtheme
id: exchangerateblock
theme: b5subtheme
region: content
weight: -5
provider: null
plugin: exchange_rate
settings:
  id: exchange_rate
  label: 'Exchange rate block'
  label_display: visible
  provider: exchange_rate
visibility: {  }
